
Microsoft Visual Studio Solution File, Format Version 12.00
# Visual Studio 15
VisualStudioVersion = 15.0.28010.2026
MinimumVisualStudioVersion = 10.0.40219.1
Project("{159641D6-6404-4A2A-AE62-294DE0FE8301}") = "PROJEKT1-UPLOAD", "PROJEKT1-UPLOAD\PROJEKT1-UPLOAD.dtproj", "{DF34EB35-339D-4778-B7E7-8E84DA85442A}"
EndProject
Global
	GlobalSection(SolutionConfigurationPlatforms) = preSolution
		Development|Default = Development|Default
	EndGlobalSection
	GlobalSection(ProjectConfigurationPlatforms) = postSolution
		{DF34EB35-339D-4778-B7E7-8E84DA85442A}.Development|Default.ActiveCfg = Development
		{DF34EB35-339D-4778-B7E7-8E84DA85442A}.Development|Default.Build.0 = Development
	EndGlobalSection
	GlobalSection(SolutionProperties) = preSolution
		HideSolutionNode = FALSE
	EndGlobalSection
	GlobalSection(ExtensibilityGlobals) = postSolution
		SolutionGuid = {B7247A9C-9634-4B0A-9242-D3A72258BA6C}
	EndGlobalSection
EndGlobal
